
Microsoft Visual Studio Solution File, Format Version 12.00
# Visual Studio 2013
VisualStudioVersion = 12.0.21005.1
MinimumVisualStudioVersion = 10.0.40219.1
Project("{FAE04EC0-301F-11D3-BF4B-00C04F79EFBC}") = "DataStructuur", "DataStructuur\DataStructuur.csproj", "{1DB3CADF-CD81-4978-AED5-DA4E8A3F0F28}"
EndProject
Project("{FAE04EC0-301F-11D3-BF4B-00C04F79EFBC}") = "DataStructuurTest", "DataStructuurTest\DataStructuurTest.csproj", "{AAA3DF52-0F82-42A1-B1AE-B16287EF3E29}"
EndProject
Global
	GlobalSection(SolutionConfigurationPlatforms) = preSolution
		Debug|Any CPU = Debug|Any CPU
		Release|Any CPU = Release|Any CPU
	EndGlobalSection
	GlobalSection(ProjectConfigurationPlatforms) = postSolution
		{1DB3CADF-CD81-4978-AED5-DA4E8A3F0F28}.Debug|Any CPU.ActiveCfg = Debug|Any CPU
		{1DB3CADF-CD81-4978-AED5-DA4E8A3F0F28}.Debug|Any CPU.Build.0 = Debug|Any CPU
		{1DB3CADF-CD81-4978-AED5-DA4E8A3F0F28}.Release|Any CPU.ActiveCfg = Release|Any CPU
		{1DB3CADF-CD81-4978-AED5-DA4E8A3F0F28}.Release|Any CPU.Build.0 = Release|Any CPU
		{AAA3DF52-0F82-42A1-B1AE-B16287EF3E29}.Debug|Any CPU.ActiveCfg = Debug|Any CPU
		{AAA3DF52-0F82-42A1-B1AE-B16287EF3E29}.Debug|Any CPU.Build.0 = Debug|Any CPU
		{AAA3DF52-0F82-42A1-B1AE-B16287EF3E29}.Release|Any CPU.ActiveCfg = Release|Any CPU
		{AAA3DF52-0F82-42A1-B1AE-B16287EF3E29}.Release|Any CPU.Build.0 = Release|Any CPU
	EndGlobalSection
	GlobalSection(SolutionProperties) = preSolution
		HideSolutionNode = FALSE
	EndGlobalSection
EndGlobal
